// !$*UTF8*$!
{
	archiveVersion = 1;
	classes = {
	};
	objectVersion = 51;
	objects = {

/* Begin PBXBuildFile section */
		8A3012B543E2677463FC45EB /* Pods_SaZamtro.framework in Frameworks */ = {isa = PBXBuildFile; fileRef = 8C6807E586364CD978CCD952 /* Pods_SaZamtro.framework */; };
		CB01A5C72497C50300AC747F /* GoogleService-Info.plist in Resources */ = {isa = PBXBuildFile; fileRef = CB01A5C62497C50300AC747F /* GoogleService-Info.plist */; };
		CB01A5C92498B9EE00AC747F /* User.swift in Sources */ = {isa = PBXBuildFile; fileRef = CB01A5C82498B9EE00AC747F /* User.swift */; };
		CB09A627248F9E0700D0B91D /* ItemDetails.swift in Sources */ = {isa = PBXBuildFile; fileRef = CB09A626248F9E0700D0B91D /* ItemDetails.swift */; };
		CB33D2C2247ACB7800B44888 /* AppDelegate.swift in Sources */ = {isa = PBXBuildFile; fileRef = CB33D2C1247ACB7800B44888 /* AppDelegate.swift */; };
		CB33D2C4247ACB7800B44888 /* SceneDelegate.swift in Sources */ = {isa = PBXBuildFile; fileRef = CB33D2C3247ACB7800B44888 /* SceneDelegate.swift */; };
		CB33D2C6247ACB7800B44888 /* ItemListViewController.swift in Sources */ = {isa = PBXBuildFile; fileRef = CB33D2C5247ACB7800B44888 /* ItemListViewController.swift */; };
		CB33D2CB247ACB7800B44888 /* Main.storyboard in Resources */ = {isa = PBXBuildFile; fileRef = CB33D2C9247ACB7800B44888 /* Main.storyboard */; };
		CB33D2CD247ACB7B00B44888 /* Assets.xcassets in Resources */ = {isa = PBXBuildFile; fileRef = CB33D2CC247ACB7B00B44888 /* Assets.xcassets */; };
		CB33D2D0247ACB7B00B44888 /* LaunchScreen.storyboard in Resources */ = {isa = PBXBuildFile; fileRef = CB33D2CE247ACB7B00B44888 /* LaunchScreen.storyboard */; };
		CB33D2DF247AE6CC00B44888 /* SellItemCell.swift in Sources */ = {isa = PBXBuildFile; fileRef = CB33D2DE247AE6CC00B44888 /* SellItemCell.swift */; };
		CB52CC15247B166300B4C32C /* ItemDetailsViewController.swift in Sources */ = {isa = PBXBuildFile; fileRef = CB52CC14247B166300B4C32C /* ItemDetailsViewController.swift */; };
		CB5C870B24D8419A00838172 /* WelcomeViewController.swift in Sources */ = {isa = PBXBuildFile; fileRef = CB5C870A24D8419A00838172 /* WelcomeViewController.swift */; };
		CB79905324A37B8000D13919 /* DownloadManager.swift in Sources */ = {isa = PBXBuildFile; fileRef = CB79905224A37B8000D13919 /* DownloadManager.swift */; };
		CB79905524A3C57B00D13919 /* ItemImage.swift in Sources */ = {isa = PBXBuildFile; fileRef = CB79905424A3C57B00D13919 /* ItemImage.swift */; };
		CB7BE0D324AA63B100A72F88 /* ItemsViewModel.swift in Sources */ = {isa = PBXBuildFile; fileRef = CB7BE0D224AA63B100A72F88 /* ItemsViewModel.swift */; };
		CBB931D2249A1AA10041EAFB /* Constants.swift in Sources */ = {isa = PBXBuildFile; fileRef = CBB931D1249A1AA10041EAFB /* Constants.swift */; };
/* End PBXBuildFile section */

/* Begin PBXFileReference section */
		5CFC44CAEF9C5E6B19B213C3 /* Pods-SaZamtro.release.xcconfig */ = {isa = PBXFileReference; includeInIndex = 1; lastKnownFileType = text.xcconfig; name = "Pods-SaZamtro.release.xcconfig"; path = "Target Support Files/Pods-SaZamtro/Pods-SaZamtro.release.xcconfig"; sourceTree = "<group>"; };
		8C6807E586364CD978CCD952 /* Pods_SaZamtro.framework */ = {isa = PBXFileReference; explicitFileType = wrapper.framework; includeInIndex = 0; path = Pods_SaZamtro.framework; sourceTree = BUILT_PRODUCTS_DIR; };
		8CAB0D85B5E653247D81D4A3 /* Pods-SaZamtro.debug.xcconfig */ = {isa = PBXFileReference; includeInIndex = 1; lastKnownFileType = text.xcconfig; name = "Pods-SaZamtro.debug.xcconfig"; path = "Target Support Files/Pods-SaZamtro/Pods-SaZamtro.debug.xcconfig"; sourceTree = "<group>"; };
		CB01A5C62497C50300AC747F /* GoogleService-Info.plist */ = {isa = PBXFileReference; fileEncoding = 4; lastKnownFileType = text.plist.xml; path = "GoogleService-Info.plist"; sourceTree = "<group>"; };
		CB01A5C82498B9EE00AC747F /* User.swift */ = {isa = PBXFileReference; lastKnownFileType = sourcecode.swift; path = User.swift; sourceTree = "<group>"; };
		CB09A626248F9E0700D0B91D /* ItemDetails.swift */ = {isa = PBXFileReference; lastKnownFileType = sourcecode.swift; path = ItemDetails.swift; sourceTree = "<group>"; };
		CB33D2BE247ACB7800B44888 /* SaZamtro.app */ = {isa = PBXFileReference; explicitFileType = wrapper.application; includeInIndex = 0; path = SaZamtro.app; sourceTree = BUILT_PRODUCTS_DIR; };
		CB33D2C1247ACB7800B44888 /* AppDelegate.swift */ = {isa = PBXFileReference; lastKnownFileType = sourcecode.swift; path = AppDelegate.swift; sourceTree = "<group>"; };
		CB33D2C3247ACB7800B44888 /* SceneDelegate.swift */ = {isa = PBXFileReference; lastKnownFileType = sourcecode.swift; path = SceneDelegate.swift; sourceTree = "<group>"; };
		CB33D2C5247ACB7800B44888 /* ItemListViewController.swift */ = {isa = PBXFileReference; lastKnownFileType = sourcecode.swift; path = ItemListViewController.swift; sourceTree = "<group>"; };
		CB33D2CA247ACB7800B44888 /* Base */ = {isa = PBXFileReference; lastKnownFileType = file.storyboard; name = Base; path = Base.lproj/Main.storyboard; sourceTree = "<group>"; };
		CB33D2CC247ACB7B00B44888 /* Assets.xcassets */ = {isa = PBXFileReference; lastKnownFileType = folder.assetcatalog; path = Assets.xcassets; sourceTree = "<group>"; };
		CB33D2CF247ACB7B00B44888 /* Base */ = {isa = PBXFileReference; lastKnownFileType = file.storyboard; name = Base; path = Base.lproj/LaunchScreen.storyboard; sourceTree = "<group>"; };
		CB33D2D1247ACB7B00B44888 /* Info.plist */ = {isa = PBXFileReference; lastKnownFileType = text.plist.xml; path = Info.plist; sourceTree = "<group>"; };
		CB33D2DE247AE6CC00B44888 /* SellItemCell.swift */ = {isa = PBXFileReference; lastKnownFileType = sourcecode.swift; path = SellItemCell.swift; sourceTree = "<group>"; };
		CB52CC14247B166300B4C32C /* ItemDetailsViewController.swift */ = {isa = PBXFileReference; lastKnownFileType = sourcecode.swift; path = ItemDetailsViewController.swift; sourceTree = "<group>"; };
		CB5C870A24D8419A00838172 /* WelcomeViewController.swift */ = {isa = PBXFileReference; lastKnownFileType = sourcecode.swift; path = WelcomeViewController.swift; sourceTree = "<group>"; };
		CB79905224A37B8000D13919 /* DownloadManager.swift */ = {isa = PBXFileReference; lastKnownFileType = sourcecode.swift; path = DownloadManager.swift; sourceTree = "<group>"; };
		CB79905424A3C57B00D13919 /* ItemImage.swift */ = {isa = PBXFileReference; lastKnownFileType = sourcecode.swift; path = ItemImage.swift; sourceTree = "<group>"; };
		CB7BE0D224AA63B100A72F88 /* ItemsViewModel.swift */ = {isa = PBXFileReference; lastKnownFileType = sourcecode.swift; path = ItemsViewModel.swift; sourceTree = "<group>"; };
		CBB931D1249A1AA10041EAFB /* Constants.swift */ = {isa = PBXFileReference; lastKnownFileType = sourcecode.swift; path = Constants.swift; sourceTree = "<group>"; };
/* End PBXFileReference section */

/* Begin PBXFrameworksBuildPhase section */
		CB33D2BB247ACB7800B44888 /* Frameworks */ = {
			isa = PBXFrameworksBuildPhase;
			buildActionMask = 2147483647;
			files = (
				8A3012B543E2677463FC45EB /* Pods_SaZamtro.framework in Frameworks */,
			);
			runOnlyForDeploymentPostprocessing = 0;
		};
/* End PBXFrameworksBuildPhase section */

/* Begin PBXGroup section */
		0F214A15E807B2D83EFD6146 /* Frameworks */ = {
			isa = PBXGroup;
			children = (
				8C6807E586364CD978CCD952 /* Pods_SaZamtro.framework */,
			);
			name = Frameworks;
			sourceTree = "<group>";
		};
		5286D0776E477531D0580EF6 /* Pods */ = {
			isa = PBXGroup;
			children = (
				8CAB0D85B5E653247D81D4A3 /* Pods-SaZamtro.debug.xcconfig */,
				5CFC44CAEF9C5E6B19B213C3 /* Pods-SaZamtro.release.xcconfig */,
			);
			path = Pods;
			sourceTree = "<group>";
		};
		CB09A625248F8FAE00D0B91D /* Model */ = {
			isa = PBXGroup;
			children = (
				CB09A626248F9E0700D0B91D /* ItemDetails.swift */,
				CB01A5C82498B9EE00AC747F /* User.swift */,
				CB79905424A3C57B00D13919 /* ItemImage.swift */,
				CB7BE0D224AA63B100A72F88 /* ItemsViewModel.swift */,
				CB79905224A37B8000D13919 /* DownloadManager.swift */,
			);
			path = Model;
			sourceTree = "<group>";
		};
		CB33D2B5247ACB7800B44888 = {
			isa = PBXGroup;
			children = (
				CB33D2C0247ACB7800B44888 /* SaZamtro */,
				CB33D2D7247AD6FB00B44888 /* SupportingFiles */,
				CB33D2BF247ACB7800B44888 /* Products */,
				5286D0776E477531D0580EF6 /* Pods */,
				0F214A15E807B2D83EFD6146 /* Frameworks */,
			);
			sourceTree = "<group>";
		};
		CB33D2BF247ACB7800B44888 /* Products */ = {
			isa = PBXGroup;
			children = (
				CB33D2BE247ACB7800B44888 /* SaZamtro.app */,
			);
			name = Products;
			sourceTree = "<group>";
		};
		CB33D2C0247ACB7800B44888 /* SaZamtro */ = {
			isa = PBXGroup;
			children = (
				CB09A625248F8FAE00D0B91D /* Model */,
				CB33D2DC247AE68900B44888 /* Controllers */,
				CB33D2DD247AE69C00B44888 /* Views */,
				CB33D2D1247ACB7B00B44888 /* Info.plist */,
				CB01A5C62497C50300AC747F /* GoogleService-Info.plist */,
			);
			path = SaZamtro;
			sourceTree = "<group>";
		};
		CB33D2D7247AD6FB00B44888 /* SupportingFiles */ = {
			isa = PBXGroup;
			children = (
				CB33D2CC247ACB7B00B44888 /* Assets.xcassets */,
				CB33D2C1247ACB7800B44888 /* AppDelegate.swift */,
				CB33D2C3247ACB7800B44888 /* SceneDelegate.swift */,
				CB33D2CE247ACB7B00B44888 /* LaunchScreen.storyboard */,
				CBB931D1249A1AA10041EAFB /* Constants.swift */,
			);
			path = SupportingFiles;
			sourceTree = "<group>";
		};
		CB33D2DC247AE68900B44888 /* Controllers */ = {
			isa = PBXGroup;
			children = (
				CB5C870A24D8419A00838172 /* WelcomeViewController.swift */,
				CB33D2C5247ACB7800B44888 /* ItemListViewController.swift */,
				CB52CC14247B166300B4C32C /* ItemDetailsViewController.swift */,
			);
			path = Controllers;
			sourceTree = "<group>";
		};
		CB33D2DD247AE69C00B44888 /* Views */ = {
			isa = PBXGroup;
			children = (
				CB33D2C9247ACB7800B44888 /* Main.storyboard */,
				CB33D2DE247AE6CC00B44888 /* SellItemCell.swift */,
			);
			path = Views;
			sourceTree = "<group>";
		};
/* End PBXGroup section */

/* Begin PBXNativeTarget section */
		CB33D2BD247ACB7800B44888 /* SaZamtro */ = {
			isa = PBXNativeTarget;
			buildConfigurationList = CB33D2D4247ACB7B00B44888 /* Build configuration list for PBXNativeTarget "SaZamtro" */;
			buildPhases = (
				35155006110679AE930763E6 /* [CP] Check Pods Manifest.lock */,
				CB33D2BA247ACB7800B44888 /* Sources */,
				CB33D2BB247ACB7800B44888 /* Frameworks */,
				CB33D2BC247ACB7800B44888 /* Resources */,
				303AC700C517F697E0D7667A /* [CP] Embed Pods Frameworks */,
			);
			buildRules = (
			);
			dependencies = (
			);
			name = SaZamtro;
			productName = SaZamtro;
			productReference = CB33D2BE247ACB7800B44888 /* SaZamtro.app */;
			productType = "com.apple.product-type.application";
		};
/* End PBXNativeTarget section */

/* Begin PBXProject section */
		CB33D2B6247ACB7800B44888 /* Project object */ = {
			isa = PBXProject;
			attributes = {
				LastSwiftUpdateCheck = 1150;
				LastUpgradeCheck = 1150;
				ORGANIZATIONNAME = "Giorgi Shukakidze";
				TargetAttributes = {
					CB33D2BD247ACB7800B44888 = {
						CreatedOnToolsVersion = 11.5;
					};
				};
			};
			buildConfigurationList = CB33D2B9247ACB7800B44888 /* Build configuration list for PBXProject "SaZamtro" */;
			compatibilityVersion = "Xcode 9.3";
			developmentRegion = en;
			hasScannedForEncodings = 0;
			knownRegions = (
				en,
				Base,
			);
			mainGroup = CB33D2B5247ACB7800B44888;
			productRefGroup = CB33D2BF247ACB7800B44888 /* Products */;
			projectDirPath = "";
			projectRoot = "";
			targets = (
				CB33D2BD247ACB7800B44888 /* SaZamtro */,
			);
		};
/* End PBXProject section */

/* Begin PBXResourcesBuildPhase section */
		CB33D2BC247ACB7800B44888 /* Resources */ = {
			isa = PBXResourcesBuildPhase;
			buildActionMask = 2147483647;
			files = (
				CB33D2D0247ACB7B00B44888 /* LaunchScreen.storyboard in Resources */,
				CB01A5C72497C50300AC747F /* GoogleService-Info.plist in Resources */,
				CB33D2CD247ACB7B00B44888 /* Assets.xcassets in Resources */,
				CB33D2CB247ACB7800B44888 /* Main.storyboard in Resources */,
			);
			runOnlyForDeploymentPostprocessing = 0;
		};
/* End PBXResourcesBuildPhase section */

/* Begin PBXShellScriptBuildPhase section */
		303AC700C517F697E0D7667A /* [CP] Embed Pods Frameworks */ = {
			isa = PBXShellScriptBuildPhase;
			buildActionMask = 2147483647;
			files = (
			);
			inputFileListPaths = (
				"${PODS_ROOT}/Target Support Files/Pods-SaZamtro/Pods-SaZamtro-frameworks-${CONFIGURATION}-input-files.xcfilelist",
			);
			name = "[CP] Embed Pods Frameworks";
			outputFileListPaths = (
				"${PODS_ROOT}/Target Support Files/Pods-SaZamtro/Pods-SaZamtro-frameworks-${CONFIGURATION}-output-files.xcfilelist",
			);
			runOnlyForDeploymentPostprocessing = 0;
			shellPath = /bin/sh;
			shellScript = "\"${PODS_ROOT}/Target Support Files/Pods-SaZamtro/Pods-SaZamtro-frameworks.sh\"\n";
			showEnvVarsInLog = 0;
		};
		35155006110679AE930763E6 /* [CP] Check Pods Manifest.lock */ = {
			isa = PBXShellScriptBuildPhase;
			buildActionMask = 2147483647;
			files = (
			);
			inputFileListPaths = (
			);
			inputPaths = (
				"${PODS_PODFILE_DIR_PATH}/Podfile.lock",
				"${PODS_ROOT}/Manifest.lock",
			);
			name = "[CP] Check Pods Manifest.lock";
			outputFileListPaths = (
			);
			outputPaths = (
				"$(DERIVED_FILE_DIR)/Pods-SaZamtro-checkManifestLockResult.txt",
			);
			runOnlyForDeploymentPostprocessing = 0;
			shellPath = /bin/sh;
			shellScript = "diff \"${PODS_PODFILE_DIR_PATH}/Podfile.lock\" \"${PODS_ROOT}/Manifest.lock\" > /dev/null\nif [ $? != 0 ] ; then\n    # print error to STDERR\n    echo \"error: The sandbox is not in sync with the Podfile.lock. Run 'pod install' or update your CocoaPods installation.\" >&2\n    exit 1\nfi\n# This output is used by Xcode 'outputs' to avoid re-running this script phase.\necho \"SUCCESS\" > \"${SCRIPT_OUTPUT_FILE_0}\"\n";
			showEnvVarsInLog = 0;
		};
/* End PBXShellScriptBuildPhase section */

/* Begin PBXSourcesBuildPhase section */
		CB33D2BA247ACB7800B44888 /* Sources */ = {
			isa = PBXSourcesBuildPhase;
			buildActionMask = 2147483647;
			files = (
				CB33D2C6247ACB7800B44888 /* ItemListViewController.swift in Sources */,
				CB33D2DF247AE6CC00B44888 /* SellItemCell.swift in Sources */,
				CB79905524A3C57B00D13919 /* ItemImage.swift in Sources */,
				CB7BE0D324AA63B100A72F88 /* ItemsViewModel.swift in Sources */,
				CB79905324A37B8000D13919 /* DownloadManager.swift in Sources */,
				CB09A627248F9E0700D0B91D /* ItemDetails.swift in Sources */,
				CB33D2C2247ACB7800B44888 /* AppDelegate.swift in Sources */,
				CB52CC15247B166300B4C32C /* ItemDetailsViewController.swift in Sources */,
				CB33D2C4247ACB7800B44888 /* SceneDelegate.swift in Sources */,
				CB5C870B24D8419A00838172 /* WelcomeViewController.swift in Sources */,
				CB01A5C92498B9EE00AC747F /* User.swift in Sources */,
				CBB931D2249A1AA10041EAFB /* Constants.swift in Sources */,
			);
			runOnlyForDeploymentPostprocessing = 0;
		};
/* End PBXSourcesBuildPhase section */

/* Begin PBXVariantGroup section */
		CB33D2C9247ACB7800B44888 /* Main.storyboard */ = {
			isa = PBXVariantGroup;
			children = (
				CB33D2CA247ACB7800B44888 /* Base */,
			);
			name = Main.storyboard;
			sourceTree = "<group>";
		};
		CB33D2CE247ACB7B00B44888 /* LaunchScreen.storyboard */ = {
			isa = PBXVariantGroup;
			children = (
				CB33D2CF247ACB7B00B44888 /* Base */,
			);
			name = LaunchScreen.storyboard;
			sourceTree = "<group>";
		};
/* End PBXVariantGroup section */

/* Begin XCBuildConfiguration section */
		CB33D2D2247ACB7B00B44888 /* Debug */ = {
			isa = XCBuildConfiguration;
			buildSettings = {
				ALWAYS_SEARCH_USER_PATHS = NO;
				CLANG_ANALYZER_NONNULL = YES;
				CLANG_ANALYZER_NUMBER_OBJECT_CONVERSION = YES_AGGRESSIVE;
				CLANG_CXX_LANGUAGE_STANDARD = "gnu++14";
				CLANG_CXX_LIBRARY = "libc++";
				CLANG_ENABLE_MODULES = YES;
				CLANG_ENABLE_OBJC_ARC = YES;
				CLANG_ENABLE_OBJC_WEAK = YES;
				CLANG_WARN_BLOCK_CAPTURE_AUTORELEASING = YES;
				CLANG_WARN_BOOL_CONVERSION = YES;
				CLANG_WARN_COMMA = YES;
				CLANG_WARN_CONSTANT_CONVERSION = YES;
				CLANG_WARN_DEPRECATED_OBJC_IMPLEMENTATIONS = YES;
				CLANG_WARN_DIRECT_OBJC_ISA_USAGE = YES_ERROR;
				CLANG_WARN_DOCUMENTATION_COMMENTS = YES;
				CLANG_WARN_EMPTY_BODY = YES;
				CLANG_WARN_ENUM_CONVERSION = YES;
				CLANG_WARN_INFINITE_RECURSION = YES;
				CLANG_WARN_INT_CONVERSION = YES;
				CLANG_WARN_NON_LITERAL_NULL_CONVERSION = YES;
				CLANG_WARN_OBJC_IMPLICIT_RETAIN_SELF = YES;
				CLANG_WARN_OBJC_LITERAL_CONVERSION = YES;
				CLANG_WARN_OBJC_ROOT_CLASS = YES_ERROR;
				CLANG_WARN_RANGE_LOOP_ANALYSIS = YES;
				CLANG_WARN_STRICT_PROTOTYPES = YES;
				CLANG_WARN_SUSPICIOUS_MOVE = YES;
				CLANG_WARN_UNGUARDED_AVAILABILITY = YES_AGGRESSIVE;
				CLANG_WARN_UNREACHABLE_CODE = YES;
				CLANG_WARN__DUPLICATE_METHOD_MATCH = YES;
				COPY_PHASE_STRIP = NO;
				DEBUG_INFORMATION_FORMAT = dwarf;
				ENABLE_STRICT_OBJC_MSGSEND = YES;
				ENABLE_TESTABILITY = YES;
				GCC_C_LANGUAGE_STANDARD = gnu11;
				GCC_DYNAMIC_NO_PIC = NO;
				GCC_NO_COMMON_BLOCKS = YES;
				GCC_OPTIMIZATION_LEVEL = 0;
				GCC_PREPROCESSOR_DEFINITIONS = (
					"DEBUG=1",
					"$(inherited)",
				);
				GCC_WARN_64_TO_32_BIT_CONVERSION = YES;
				GCC_WARN_ABOUT_RETURN_TYPE = YES_ERROR;
				GCC_WARN_UNDECLARED_SELECTOR = YES;
				GCC_WARN_UNINITIALIZED_AUTOS = YES_AGGRESSIVE;
				GCC_WARN_UNUSED_FUNCTION = YES;
				GCC_WARN_UNUSED_VARIABLE = YES;
				IPHONEOS_DEPLOYMENT_TARGET = 13.5;
				MTL_ENABLE_DEBUG_INFO = INCLUDE_SOURCE;
				MTL_FAST_MATH = YES;
				ONLY_ACTIVE_ARCH = YES;
				SDKROOT = iphoneos;
				SWIFT_ACTIVE_COMPILATION_CONDITIONS = DEBUG;
				SWIFT_OPTIMIZATION_LEVEL = "-Onone";
			};
			name = Debug;
		};
		CB33D2D3247ACB7B00B44888 /* Release */ = {
			isa = XCBuildConfiguration;
			buildSettings = {
				ALWAYS_SEARCH_USER_PATHS = NO;
				CLANG_ANALYZER_NONNULL = YES;
				CLANG_ANALYZER_NUMBER_OBJECT_CONVERSION = YES_AGGRESSIVE;
				CLANG_CXX_LANGUAGE_STANDARD = "gnu++14";
				CLANG_CXX_LIBRARY = "libc++";
				CLANG_ENABLE_MODULES = YES;
				CLANG_ENABLE_OBJC_ARC = YES;
				CLANG_ENABLE_OBJC_WEAK = YES;
				CLANG_WARN_BLOCK_CAPTURE_AUTORELEASING = YES;
				CLANG_WARN_BOOL_CONVERSION = YES;
				CLANG_WARN_COMMA = YES;
				CLANG_WARN_CONSTANT_CONVERSION = YES;
				CLANG_WARN_DEPRECATED_OBJC_IMPLEMENTATIONS = YES;
				CLANG_WARN_DIRECT_OBJC_ISA_USAGE = YES_ERROR;
				CLANG_WARN_DOCUMENTATION_COMMENTS = YES;
				CLANG_WARN_EMPTY_BODY = YES;
				CLANG_WARN_ENUM_CONVERSION = YES;
				CLANG_WARN_INFINITE_RECURSION = YES;
				CLANG_WARN_INT_CONVERSION = YES;
				CLANG_WARN_NON_LITERAL_NULL_CONVERSION = YES;
				CLANG_WARN_OBJC_IMPLICIT_RETAIN_SELF = YES;
				CLANG_WARN_OBJC_LITERAL_CONVERSION = YES;
				CLANG_WARN_OBJC_ROOT_CLASS = YES_ERROR;
				CLANG_WARN_RANGE_LOOP_ANALYSIS = YES;
				CLANG_WARN_STRICT_PROTOTYPES = YES;
				CLANG_WARN_SUSPICIOUS_MOVE = YES;
				CLANG_WARN_UNGUARDED_AVAILABILITY = YES_AGGRESSIVE;
				CLANG_WARN_UNREACHABLE_CODE = YES;
				CLANG_WARN__DUPLICATE_METHOD_MATCH = YES;
				COPY_PHASE_STRIP = NO;
				DEBUG_INFORMATION_FORMAT = "dwarf-with-dsym";
				ENABLE_NS_ASSERTIONS = NO;
				ENABLE_STRICT_OBJC_MSGSEND = YES;
				GCC_C_LANGUAGE_STANDARD = gnu11;
				GCC_NO_COMMON_BLOCKS = YES;
				GCC_WARN_64_TO_32_BIT_CONVERSION = YES;
				GCC_WARN_ABOUT_RETURN_TYPE = YES_ERROR;
				GCC_WARN_UNDECLARED_SELECTOR = YES;
				GCC_WARN_UNINITIALIZED_AUTOS = YES_AGGRESSIVE;
				GCC_WARN_UNUSED_FUNCTION = YES;
				GCC_WARN_UNUSED_VARIABLE = YES;
				IPHONEOS_DEPLOYMENT_TARGET = 13.5;
				MTL_ENABLE_DEBUG_INFO = NO;
				MTL_FAST_MATH = YES;
				SDKROOT = iphoneos;
				SWIFT_COMPILATION_MODE = wholemodule;
				SWIFT_OPTIMIZATION_LEVEL = "-O";
				VALIDATE_PRODUCT = YES;
			};
			name = Release;
		};
		CB33D2D5247ACB7B00B44888 /* Debug */ = {
			isa = XCBuildConfiguration;
			baseConfigurationReference = 8CAB0D85B5E653247D81D4A3 /* Pods-SaZamtro.debug.xcconfig */;
			buildSettings = {
				ASSETCATALOG_COMPILER_APPICON_NAME = AppIcon;
				CODE_SIGN_STYLE = Automatic;
				DEVELOPMENT_TEAM = L3N5YCXU3C;
				INFOPLIST_FILE = SaZamtro/Info.plist;
				IPHONEOS_DEPLOYMENT_TARGET = 13.0;
				LD_RUNPATH_SEARCH_PATHS = (
					"$(inherited)",
					"@executable_path/Frameworks",
				);
				PRODUCT_BUNDLE_IDENTIFIER = com.gshukakidze.SaZamtro;
				PRODUCT_NAME = "$(TARGET_NAME)";
				SWIFT_VERSION = 5.0;
				TARGETED_DEVICE_FAMILY = "1,2";
			};
			name = Debug;
		};
		CB33D2D6247ACB7B00B44888 /* Release */ = {
			isa = XCBuildConfiguration;
			baseConfigurationReference = 5CFC44CAEF9C5E6B19B213C3 /* Pods-SaZamtro.release.xcconfig */;
			buildSettings = {
				ASSETCATALOG_COMPILER_APPICON_NAME = AppIcon;
				CODE_SIGN_STYLE = Automatic;
				DEVELOPMENT_TEAM = L3N5YCXU3C;
				INFOPLIST_FILE = SaZamtro/Info.plist;
				IPHONEOS_DEPLOYMENT_TARGET = 13.0;
				LD_RUNPATH_SEARCH_PATHS = (
					"$(inherited)",
					"@executable_path/Frameworks",
				);
				PRODUCT_BUNDLE_IDENTIFIER = com.gshukakidze.SaZamtro;
				PRODUCT_NAME = "$(TARGET_NAME)";
				SWIFT_VERSION = 5.0;
				TARGETED_DEVICE_FAMILY = "1,2";
			};
			name = Release;
		};
/* End XCBuildConfiguration section */

/* Begin XCConfigurationList section */
		CB33D2B9247ACB7800B44888 /* Build configuration list for PBXProject "SaZamtro" */ = {
			isa = XCConfigurationList;
			buildConfigurations = (
				CB33D2D2247ACB7B00B44888 /* Debug */,
				CB33D2D3247ACB7B00B44888 /* Release */,
			);
			defaultConfigurationIsVisible = 0;
			defaultConfigurationName = Release;
		};
		CB33D2D4247ACB7B00B44888 /* Build configuration list for PBXNativeTarget "SaZamtro" */ = {
			isa = XCConfigurationList;
			buildConfigurations = (
				CB33D2D5247ACB7B00B44888 /* Debug */,
				CB33D2D6247ACB7B00B44888 /* Release */,
			);
			defaultConfigurationIsVisible = 0;
			defaultConfigurationName = Release;
		};
/* End XCConfigurationList section */
	};
	rootObject = CB33D2B6247ACB7800B44888 /* Project object */;
}
